# This file is @generated by PDM.
# It is not intended for manual editing.

[metadata]
groups = ["default", "dev", "doc", "test"]
strategy = ["inherit_metadata"]
lock_version = "4.5.0"
content_hash = "sha256:593e08d3b5989ce087bed92770caeb4a97280da644a9150a7005d0a21eded3c5"

[[metadata.targets]]
requires_python = ">=3.10,<3.12"

[[package]]
name = "anyio"
version = "4.6.2.post1"
requires_python = ">=3.9"
summary = "High level compatibility layer for multiple asynchronous event loop implementations"
groups = ["default"]
marker = "python_version >= \"3.10\" and python_version < \"3.12\" and platform_system != \"Pyodide\""
dependencies = [
    "exceptiongroup>=1.0.2; python_version < \"3.11\"",
    "idna>=2.8",
    "sniffio>=1.1",
    "typing-extensions>=4.1; python_version < \"3.11\"",
]
files = [
    {file = "anyio-4.6.2.post1-py3-none-any.whl", hash = "sha256:6d170c36fba3bdd840c73d3868c1e777e33676a69c3a72cf0a0d5d6d8009b61d"},
    {file = "anyio-4.6.2.post1.tar.gz", hash = "sha256:4c8bc31ccdb51c7f7bd251f51c609e038d63e34219b44aa86e47576389880b4c"},
]

[[package]]
name = "certifi"
version = "2024.8.30"
requires_python = ">=3.6"
summary = "Python package for providing Mozilla's CA Bundle."
groups = ["default"]
marker = "python_version >= \"3.10\" and python_version < \"3.12\" and platform_system != \"Pyodide\""
files = [
    {file = "certifi-2024.8.30-py3-none-any.whl", hash = "sha256:922820b53db7a7257ffbda3f597266d435245903d80737e34f8a45ff3e3230d8"},
    {file = "certifi-2024.8.30.tar.gz", hash = "sha256:bec941d2aa8195e248a60b31ff9f0558284cf01a52591ceda73ea9afffd69fd9"},
]

[[package]]
name = "exceptiongroup"
version = "1.2.2"
requires_python = ">=3.7"
summary = "Backport of PEP 654 (exception groups)"
groups = ["default"]
marker = "python_version < \"3.11\" and platform_system != \"Pyodide\" and python_version >= \"3.10\""
files = [
    {file = "exceptiongroup-1.2.2-py3-none-any.whl", hash = "sha256:3111b9d131c238bec2f8f516e123e14ba243563fb135d3fe885990585aa7795b"},
    {file = "exceptiongroup-1.2.2.tar.gz", hash = "sha256:47c2edf7c6738fafb49fd34290706d1a1a2f4d1c6df275526b62cbb4aa5393cc"},
]

[[package]]
name = "flet"
version = "0.25.1"
requires_python = "<4.0,>=3.8"
summary = "Flet for Python - easily build interactive multi-platform apps in Python"
groups = ["default"]
marker = "python_version >= \"3.10\" and python_version < \"3.12\""
dependencies = [
    "httpx; platform_system != \"Pyodide\"",
    "oauthlib<4.0.0,>=3.2.2; platform_system != \"Pyodide\"",
    "repath<0.10.0,>=0.9.0",
]
files = [
    {file = "flet-0.25.1-py3-none-any.whl", hash = "sha256:4a11db637ebd0074bcb6197e1d0626e1f28839f7e021e91b0fcda057c2fb8739"},
]

[[package]]
name = "flet-desktop"
version = "0.25.1"
requires_python = "<4.0,>=3.8"
summary = "Flet Desktop client in Flutter"
groups = ["default"]
marker = "python_version >= \"3.10\" and python_version < \"3.12\""
dependencies = [
    "flet==0.25.1",
]
files = [
    {file = "flet_desktop-0.25.1-py3-none-macosx_10_14_x86_64.whl", hash = "sha256:d6dea017a833ddbba6fdcaa7475ab7b3c74f31e1a6d684908035bf5b6fd6c13a"},
    {file = "flet_desktop-0.25.1-py3-none-macosx_12_0_arm64.whl", hash = "sha256:dae96cd2decb92883d14022b14986f2bd99298d95c97a0b3d68f4f7036a44d7a"},
    {file = "flet_desktop-0.25.1-py3-none-manylinux2014_aarch64.manylinux_2_17_aarch64.whl", hash = "sha256:7841a2a976675cdc30a15a3162a05fe3e710cd5b0d38561bc4a3968b0f404aa8"},
    {file = "flet_desktop-0.25.1-py3-none-manylinux2014_x86_64.manylinux_2_17_x86_64.whl", hash = "sha256:50c3ca193ae6ee7d4c9a94398de4a2921d598e73697934471989e1a5c8d1b293"},
    {file = "flet_desktop-0.25.1-py3-none-musllinux_1_2_aarch64.whl", hash = "sha256:f87ac778be01e36565a972e933cd5d8e4712051fdfc5fd5793bd88698295c155"},
    {file = "flet_desktop-0.25.1-py3-none-musllinux_1_2_x86_64.whl", hash = "sha256:ff37fe664a0d2890a2f01b0d1db694cccc1300a316577af18cf3e2a1d7437cb8"},
    {file = "flet_desktop-0.25.1-py3-none-win32.whl", hash = "sha256:5043926ec3ca259be89b4dd5e96bb53bdfd39828d07cd7db914c369386205fed"},
    {file = "flet_desktop-0.25.1-py3-none-win_amd64.whl", hash = "sha256:72ab4d76f7205dd6f5d34baf87cd52798550534358cab347d0e3833214bcb58a"},
    {file = "flet_desktop-0.25.1.tar.gz", hash = "sha256:68d74b1168f0d677d3222fed08f799f7a6113910b4453d07a9c859a34a6a7dd0"},
]

[[package]]
name = "h11"
version = "0.14.0"
requires_python = ">=3.7"
summary = "A pure-Python, bring-your-own-I/O implementation of HTTP/1.1"
groups = ["default"]
marker = "python_version >= \"3.10\" and python_version < \"3.12\" and platform_system != \"Pyodide\""
dependencies = [
    "typing-extensions; python_version < \"3.8\"",
]
files = [
    {file = "h11-0.14.0-py3-none-any.whl", hash = "sha256:e3fe4ac4b851c468cc8363d500db52c2ead036020723024a109d37346efaa761"},
    {file = "h11-0.14.0.tar.gz", hash = "sha256:8f19fbbe99e72420ff35c00b27a34cb9937e902a8b810e2c88300c6f0a3b699d"},
]

[[package]]
name = "httpcore"
version = "1.0.7"
requires_python = ">=3.8"
summary = "A minimal low-level HTTP client."
groups = ["default"]
marker = "python_version >= \"3.10\" and python_version < \"3.12\" and platform_system != \"Pyodide\""
dependencies = [
    "certifi",
    "h11<0.15,>=0.13",
]
files = [
    {file = "httpcore-1.0.7-py3-none-any.whl", hash = "sha256:a3fff8f43dc260d5bd363d9f9cf1830fa3a458b332856f34282de498ed420edd"},
    {file = "httpcore-1.0.7.tar.gz", hash = "sha256:8551cb62a169ec7162ac7be8d4817d561f60e08eaa485234898414bb5a8a0b4c"},
]

[[package]]
name = "httpx"
version = "0.28.0"
requires_python = ">=3.8"
summary = "The next generation HTTP client."
groups = ["default"]
marker = "python_version >= \"3.10\" and python_version < \"3.12\" and platform_system != \"Pyodide\""
dependencies = [
    "anyio",
    "certifi",
    "httpcore==1.*",
    "idna",
]
files = [
    {file = "httpx-0.28.0-py3-none-any.whl", hash = "sha256:dc0b419a0cfeb6e8b34e85167c0da2671206f5095f1baa9663d23bcfd6b535fc"},
    {file = "httpx-0.28.0.tar.gz", hash = "sha256:0858d3bab51ba7e386637f22a61d8ccddaeec5f3fe4209da3a6168dbb91573e0"},
]

[[package]]
name = "idna"
version = "3.10"
requires_python = ">=3.6"
summary = "Internationalized Domain Names in Applications (IDNA)"
groups = ["default"]
marker = "python_version >= \"3.10\" and python_version < \"3.12\" and platform_system != \"Pyodide\""
files = [
    {file = "idna-3.10-py3-none-any.whl", hash = "sha256:946d195a0d259cbba61165e88e65941f16e9b36ea6ddb97f00452bae8b1287d3"},
    {file = "idna-3.10.tar.gz", hash = "sha256:12f65c9b470abda6dc35cf8e63cc574b1c52b11df2c86030af0ac09b01b13ea9"},
]

[[package]]
name = "oauthlib"
version = "3.2.2"
requires_python = ">=3.6"
summary = "A generic, spec-compliant, thorough implementation of the OAuth request-signing logic"
groups = ["default"]
marker = "python_version >= \"3.10\" and python_version < \"3.12\" and platform_system != \"Pyodide\""
files = [
    {file = "oauthlib-3.2.2-py3-none-any.whl", hash = "sha256:8139f29aac13e25d502680e9e19963e83f16838d48a0d71c287fe40e7067fbca"},
    {file = "oauthlib-3.2.2.tar.gz", hash = "sha256:9859c40929662bec5d64f34d01c99e093149682a3f38915dc0655d5a633dd918"},
]

[[package]]
name = "repath"
version = "0.9.0"
summary = "Generate regular expressions form ExpressJS path patterns"
groups = ["default"]
marker = "python_version >= \"3.10\" and python_version < \"3.12\""
dependencies = [
    "six>=1.9.0",
]
files = [
    {file = "repath-0.9.0-py3-none-any.whl", hash = "sha256:ee079d6c91faeb843274d22d8f786094ee01316ecfe293a1eb6546312bb6a318"},
    {file = "repath-0.9.0.tar.gz", hash = "sha256:8292139bac6a0e43fd9d70605d4e8daeb25d46672e484ed31a24c7ce0aef0fb7"},
]

[[package]]
name = "six"
version = "1.16.0"
requires_python = ">=2.7, !=3.0.*, !=3.1.*, !=3.2.*"
summary = "Python 2 and 3 compatibility utilities"
groups = ["default"]
marker = "python_version >= \"3.10\" and python_version < \"3.12\""
files = [
    {file = "six-1.16.0-py2.py3-none-any.whl", hash = "sha256:8abb2f1d86890a2dfb989f9a77cfcfd3e47c2a354b01111771326f8aa26e0254"},
    {file = "six-1.16.0.tar.gz", hash = "sha256:1e61c37477a1626458e36f7b1d82aa5c9b094fa4802892072e49de9c60c4c926"},
]

[[package]]
name = "sniffio"
version = "1.3.1"
requires_python = ">=3.7"
summary = "Sniff out which async library your code is running under"
groups = ["default"]
marker = "python_version >= \"3.10\" and python_version < \"3.12\" and platform_system != \"Pyodide\""
files = [
    {file = "sniffio-1.3.1-py3-none-any.whl", hash = "sha256:2f6da418d1f1e0fddd844478f41680e794e6051915791a034ff65e5f100525a2"},
    {file = "sniffio-1.3.1.tar.gz", hash = "sha256:f4324edc670a0f49750a81b895f35c3adb843cca46f0530f79fc1babb23789dc"},
]

[[package]]
name = "typing-extensions"
version = "4.12.2"
requires_python = ">=3.8"
summary = "Backported and Experimental Type Hints for Python 3.8+"
groups = ["default"]
marker = "python_version < \"3.11\" and platform_system != \"Pyodide\" and python_version >= \"3.10\""
files = [
    {file = "typing_extensions-4.12.2-py3-none-any.whl", hash = "sha256:04e5ca0351e0f3f85c6853954072df659d0d13fac324d0072316b67d7794700d"},
    {file = "typing_extensions-4.12.2.tar.gz", hash = "sha256:1a7ead55c7e559dd4dee8856e3a88b41225abfe1ce8df57b7c13915fe121ffb8"},
]
